{
  "object": {
    "pins": [
      {
        "package": "swift-argument-parser",
        "repositoryURL": "https://github.com/apple/swift-argument-parser",
        "state": {
          "branch": null,
          "revision": "92646c0cdbaca076c8d3d0207891785b3379cbff",
          "version": "0.3.1"
        }
      },
      {
        "package": "SwiftyXMLParser",
        "repositoryURL": "https://github.com/yahoojapan/SwiftyXMLParser.git",
        "state": {
          "branch": null,
          "revision": "ec7f183642adf429babd867d1a38c5c6912408ba",
          "version": "5.3.0"
        }
      }
    ]
  },
  "version": 1
}
