// !$*UTF8*$!
{
	archiveVersion = 1;
	classes = {
	};
	objectVersion = 50;
	objects = {

/* Begin PBXBuildFile section */
		357631D025950DE00032B89B /* SlateLib.framework in Frameworks */ = {isa = PBXBuildFile; fileRef = 357631C625950DE00032B89B /* SlateLib.framework */; };
		357631D525950DE00032B89B /* SlateLibTests.swift in Sources */ = {isa = PBXBuildFile; fileRef = 357631D425950DE00032B89B /* SlateLibTests.swift */; };
		357631D725950DE00032B89B /* SlateLib.h in Headers */ = {isa = PBXBuildFile; fileRef = 357631C925950DE00032B89B /* SlateLib.h */; settings = {ATTRIBUTES = (Public, ); }; };
		357631E625950E1C0032B89B /* Slate.swift in Sources */ = {isa = PBXBuildFile; fileRef = 357631E525950E1C0032B89B /* Slate.swift */; };
/* End PBXBuildFile section */

/* Begin PBXContainerItemProxy section */
		357631D125950DE00032B89B /* PBXContainerItemProxy */ = {
			isa = PBXContainerItemProxy;
			containerPortal = 357631BD25950DE00032B89B /* Project object */;
			proxyType = 1;
			remoteGlobalIDString = 357631C525950DE00032B89B;
			remoteInfo = SlateLib;
		};
/* End PBXContainerItemProxy section */

/* Begin PBXFileReference section */
		357631C625950DE00032B89B /* SlateLib.framework */ = {isa = PBXFileReference; explicitFileType = wrapper.framework; includeInIndex = 0; path = SlateLib.framework; sourceTree = BUILT_PRODUCTS_DIR; };
		357631C925950DE00032B89B /* SlateLib.h */ = {isa = PBXFileReference; lastKnownFileType = sourcecode.c.h; path = SlateLib.h; sourceTree = "<group>"; };
		357631CA25950DE00032B89B /* Info.plist */ = {isa = PBXFileReference; lastKnownFileType = text.plist.xml; path = Info.plist; sourceTree = "<group>"; };
		357631CF25950DE00032B89B /* SlateLibTests.xctest */ = {isa = PBXFileReference; explicitFileType = wrapper.cfbundle; includeInIndex = 0; path = SlateLibTests.xctest; sourceTree = BUILT_PRODUCTS_DIR; };
		357631D425950DE00032B89B /* SlateLibTests.swift */ = {isa = PBXFileReference; lastKnownFileType = sourcecode.swift; path = SlateLibTests.swift; sourceTree = "<group>"; };
		357631D625950DE00032B89B /* Info.plist */ = {isa = PBXFileReference; lastKnownFileType = text.plist.xml; path = Info.plist; sourceTree = "<group>"; };
		357631E525950E1C0032B89B /* Slate.swift */ = {isa = PBXFileReference; fileEncoding = 4; lastKnownFileType = sourcecode.swift; path = Slate.swift; sourceTree = "<group>"; };
/* End PBXFileReference section */

/* Begin PBXFrameworksBuildPhase section */
		357631C325950DE00032B89B /* Frameworks */ = {
			isa = PBXFrameworksBuildPhase;
			buildActionMask = 2147483647;
			files = (
			);
			runOnlyForDeploymentPostprocessing = 0;
		};
		357631CC25950DE00032B89B /* Frameworks */ = {
			isa = PBXFrameworksBuildPhase;
			buildActionMask = 2147483647;
			files = (
				357631D025950DE00032B89B /* SlateLib.framework in Frameworks */,
			);
			runOnlyForDeploymentPostprocessing = 0;
		};
/* End PBXFrameworksBuildPhase section */

/* Begin PBXGroup section */
		357631BC25950DE00032B89B = {
			isa = PBXGroup;
			children = (
				357631E425950E1C0032B89B /* Source */,
				357631C825950DE00032B89B /* SlateLib */,
				357631D325950DE00032B89B /* SlateLibTests */,
				357631C725950DE00032B89B /* Products */,
			);
			sourceTree = "<group>";
		};
		357631C725950DE00032B89B /* Products */ = {
			isa = PBXGroup;
			children = (
				357631C625950DE00032B89B /* SlateLib.framework */,
				357631CF25950DE00032B89B /* SlateLibTests.xctest */,
			);
			name = Products;
			sourceTree = "<group>";
		};
		357631C825950DE00032B89B /* SlateLib */ = {
			isa = PBXGroup;
			children = (
				357631C925950DE00032B89B /* SlateLib.h */,
				357631CA25950DE00032B89B /* Info.plist */,
			);
			path = SlateLib;
			sourceTree = "<group>";
		};
		357631D325950DE00032B89B /* SlateLibTests */ = {
			isa = PBXGroup;
			children = (
				357631D425950DE00032B89B /* SlateLibTests.swift */,
				357631D625950DE00032B89B /* Info.plist */,
			);
			path = SlateLibTests;
			sourceTree = "<group>";
		};
		357631E425950E1C0032B89B /* Source */ = {
			isa = PBXGroup;
			children = (
				357631E525950E1C0032B89B /* Slate.swift */,
			);
			name = Source;
			path = ../Source;
			sourceTree = "<group>";
		};
/* End PBXGroup section */

/* Begin PBXHeadersBuildPhase section */
		357631C125950DE00032B89B /* Headers */ = {
			isa = PBXHeadersBuildPhase;
			buildActionMask = 2147483647;
			files = (
				357631D725950DE00032B89B /* SlateLib.h in Headers */,
			);
			runOnlyForDeploymentPostprocessing = 0;
		};
/* End PBXHeadersBuildPhase section */

/* Begin PBXNativeTarget section */
		357631C525950DE00032B89B /* SlateLib */ = {
			isa = PBXNativeTarget;
			buildConfigurationList = 357631DA25950DE00032B89B /* Build configuration list for PBXNativeTarget "SlateLib" */;
			buildPhases = (
				357631C125950DE00032B89B /* Headers */,
				357631C225950DE00032B89B /* Sources */,
				357631C325950DE00032B89B /* Frameworks */,
				357631C425950DE00032B89B /* Resources */,
			);
			buildRules = (
			);
			dependencies = (
			);
			name = SlateLib;
			productName = SlateLib;
			productReference = 357631C625950DE00032B89B /* SlateLib.framework */;
			productType = "com.apple.product-type.framework";
		};
		357631CE25950DE00032B89B /* SlateLibTests */ = {
			isa = PBXNativeTarget;
			buildConfigurationList = 357631DD25950DE00032B89B /* Build configuration list for PBXNativeTarget "SlateLibTests" */;
			buildPhases = (
				357631CB25950DE00032B89B /* Sources */,
				357631CC25950DE00032B89B /* Frameworks */,
				357631CD25950DE00032B89B /* Resources */,
			);
			buildRules = (
			);
			dependencies = (
				357631D225950DE00032B89B /* PBXTargetDependency */,
			);
			name = SlateLibTests;
			productName = SlateLibTests;
			productReference = 357631CF25950DE00032B89B /* SlateLibTests.xctest */;
			productType = "com.apple.product-type.bundle.unit-test";
		};
/* End PBXNativeTarget section */

/* Begin PBXProject section */
		357631BD25950DE00032B89B /* Project object */ = {
			isa = PBXProject;
			attributes = {
				LastSwiftUpdateCheck = 1220;
				LastUpgradeCheck = 1220;
				TargetAttributes = {
					357631C525950DE00032B89B = {
						CreatedOnToolsVersion = 12.2;
					};
					357631CE25950DE00032B89B = {
						CreatedOnToolsVersion = 12.2;
					};
				};
			};
			buildConfigurationList = 357631C025950DE00032B89B /* Build configuration list for PBXProject "SlateLib" */;
			compatibilityVersion = "Xcode 9.3";
			developmentRegion = en;
			hasScannedForEncodings = 0;
			knownRegions = (
				en,
				Base,
			);
			mainGroup = 357631BC25950DE00032B89B;
			productRefGroup = 357631C725950DE00032B89B /* Products */;
			projectDirPath = "";
			projectRoot = "";
			targets = (
				357631C525950DE00032B89B /* SlateLib */,
				357631CE25950DE00032B89B /* SlateLibTests */,
			);
		};
/* End PBXProject section */

/* Begin PBXResourcesBuildPhase section */
		357631C425950DE00032B89B /* Resources */ = {
			isa = PBXResourcesBuildPhase;
			buildActionMask = 2147483647;
			files = (
			);
			runOnlyForDeploymentPostprocessing = 0;
		};
		357631CD25950DE00032B89B /* Resources */ = {
			isa = PBXResourcesBuildPhase;
			buildActionMask = 2147483647;
			files = (
			);
			runOnlyForDeploymentPostprocessing = 0;
		};
/* End PBXResourcesBuildPhase section */

/* Begin PBXSourcesBuildPhase section */
		357631C225950DE00032B89B /* Sources */ = {
			isa = PBXSourcesBuildPhase;
			buildActionMask = 2147483647;
			files = (
				357631E625950E1C0032B89B /* Slate.swift in Sources */,
			);
			runOnlyForDeploymentPostprocessing = 0;
		};
		357631CB25950DE00032B89B /* Sources */ = {
			isa = PBXSourcesBuildPhase;
			buildActionMask = 2147483647;
			files = (
				357631D525950DE00032B89B /* SlateLibTests.swift in Sources */,
			);
			runOnlyForDeploymentPostprocessing = 0;
		};
/* End PBXSourcesBuildPhase section */

/* Begin PBXTargetDependency section */
		357631D225950DE00032B89B /* PBXTargetDependency */ = {
			isa = PBXTargetDependency;
			target = 357631C525950DE00032B89B /* SlateLib */;
			targetProxy = 357631D125950DE00032B89B /* PBXContainerItemProxy */;
		};
/* End PBXTargetDependency section */

/* Begin XCBuildConfiguration section */
		357631D825950DE00032B89B /* Debug */ = {
			isa = XCBuildConfiguration;
			buildSettings = {
				ALWAYS_SEARCH_USER_PATHS = NO;
				CLANG_ANALYZER_NONNULL = YES;
				CLANG_ANALYZER_NUMBER_OBJECT_CONVERSION = YES_AGGRESSIVE;
				CLANG_CXX_LANGUAGE_STANDARD = "gnu++14";
				CLANG_CXX_LIBRARY = "libc++";
				CLANG_ENABLE_MODULES = YES;
				CLANG_ENABLE_OBJC_ARC = YES;
				CLANG_ENABLE_OBJC_WEAK = YES;
				CLANG_WARN_BLOCK_CAPTURE_AUTORELEASING = YES;
				CLANG_WARN_BOOL_CONVERSION = YES;
				CLANG_WARN_COMMA = YES;
				CLANG_WARN_CONSTANT_CONVERSION = YES;
				CLANG_WARN_DEPRECATED_OBJC_IMPLEMENTATIONS = YES;
				CLANG_WARN_DIRECT_OBJC_ISA_USAGE = YES_ERROR;
				CLANG_WARN_DOCUMENTATION_COMMENTS = YES;
				CLANG_WARN_EMPTY_BODY = YES;
				CLANG_WARN_ENUM_CONVERSION = YES;
				CLANG_WARN_INFINITE_RECURSION = YES;
				CLANG_WARN_INT_CONVERSION = YES;
				CLANG_WARN_NON_LITERAL_NULL_CONVERSION = YES;
				CLANG_WARN_OBJC_IMPLICIT_RETAIN_SELF = YES;
				CLANG_WARN_OBJC_LITERAL_CONVERSION = YES;
				CLANG_WARN_OBJC_ROOT_CLASS = YES_ERROR;
				CLANG_WARN_QUOTED_INCLUDE_IN_FRAMEWORK_HEADER = YES;
				CLANG_WARN_RANGE_LOOP_ANALYSIS = YES;
				CLANG_WARN_STRICT_PROTOTYPES = YES;
				CLANG_WARN_SUSPICIOUS_MOVE = YES;
				CLANG_WARN_UNGUARDED_AVAILABILITY = YES_AGGRESSIVE;
				CLANG_WARN_UNREACHABLE_CODE = YES;
				CLANG_WARN__DUPLICATE_METHOD_MATCH = YES;
				COPY_PHASE_STRIP = NO;
				CURRENT_PROJECT_VERSION = 1;
				DEBUG_INFORMATION_FORMAT = dwarf;
				ENABLE_STRICT_OBJC_MSGSEND = YES;
				ENABLE_TESTABILITY = YES;
				GCC_C_LANGUAGE_STANDARD = gnu11;
				GCC_DYNAMIC_NO_PIC = NO;
				GCC_NO_COMMON_BLOCKS = YES;
				GCC_OPTIMIZATION_LEVEL = 0;
				GCC_PREPROCESSOR_DEFINITIONS = (
					"DEBUG=1",
					"$(inherited)",
				);
				GCC_WARN_64_TO_32_BIT_CONVERSION = YES;
				GCC_WARN_ABOUT_RETURN_TYPE = YES_ERROR;
				GCC_WARN_UNDECLARED_SELECTOR = YES;
				GCC_WARN_UNINITIALIZED_AUTOS = YES_AGGRESSIVE;
				GCC_WARN_UNUSED_FUNCTION = YES;
				GCC_WARN_UNUSED_VARIABLE = YES;
				MACOSX_DEPLOYMENT_TARGET = 10.15;
				MTL_ENABLE_DEBUG_INFO = INCLUDE_SOURCE;
				MTL_FAST_MATH = YES;
				ONLY_ACTIVE_ARCH = YES;
				SDKROOT = macosx;
				SWIFT_ACTIVE_COMPILATION_CONDITIONS = DEBUG;
				SWIFT_OPTIMIZATION_LEVEL = "-Onone";
				VERSIONING_SYSTEM = "apple-generic";
				VERSION_INFO_PREFIX = "";
			};
			name = Debug;
		};
		357631D925950DE00032B89B /* Release */ = {
			isa = XCBuildConfiguration;
			buildSettings = {
				ALWAYS_SEARCH_USER_PATHS = NO;
				CLANG_ANALYZER_NONNULL = YES;
				CLANG_ANALYZER_NUMBER_OBJECT_CONVERSION = YES_AGGRESSIVE;
				CLANG_CXX_LANGUAGE_STANDARD = "gnu++14";
				CLANG_CXX_LIBRARY = "libc++";
				CLANG_ENABLE_MODULES = YES;
				CLANG_ENABLE_OBJC_ARC = YES;
				CLANG_ENABLE_OBJC_WEAK = YES;
				CLANG_WARN_BLOCK_CAPTURE_AUTORELEASING = YES;
				CLANG_WARN_BOOL_CONVERSION = YES;
				CLANG_WARN_COMMA = YES;
				CLANG_WARN_CONSTANT_CONVERSION = YES;
				CLANG_WARN_DEPRECATED_OBJC_IMPLEMENTATIONS = YES;
				CLANG_WARN_DIRECT_OBJC_ISA_USAGE = YES_ERROR;
				CLANG_WARN_DOCUMENTATION_COMMENTS = YES;
				CLANG_WARN_EMPTY_BODY = YES;
				CLANG_WARN_ENUM_CONVERSION = YES;
				CLANG_WARN_INFINITE_RECURSION = YES;
				CLANG_WARN_INT_CONVERSION = YES;
				CLANG_WARN_NON_LITERAL_NULL_CONVERSION = YES;
				CLANG_WARN_OBJC_IMPLICIT_RETAIN_SELF = YES;
				CLANG_WARN_OBJC_LITERAL_CONVERSION = YES;
				CLANG_WARN_OBJC_ROOT_CLASS = YES_ERROR;
				CLANG_WARN_QUOTED_INCLUDE_IN_FRAMEWORK_HEADER = YES;
				CLANG_WARN_RANGE_LOOP_ANALYSIS = YES;
				CLANG_WARN_STRICT_PROTOTYPES = YES;
				CLANG_WARN_SUSPICIOUS_MOVE = YES;
				CLANG_WARN_UNGUARDED_AVAILABILITY = YES_AGGRESSIVE;
				CLANG_WARN_UNREACHABLE_CODE = YES;
				CLANG_WARN__DUPLICATE_METHOD_MATCH = YES;
				COPY_PHASE_STRIP = NO;
				CURRENT_PROJECT_VERSION = 1;
				DEBUG_INFORMATION_FORMAT = "dwarf-with-dsym";
				ENABLE_NS_ASSERTIONS = NO;
				ENABLE_STRICT_OBJC_MSGSEND = YES;
				GCC_C_LANGUAGE_STANDARD = gnu11;
				GCC_NO_COMMON_BLOCKS = YES;
				GCC_WARN_64_TO_32_BIT_CONVERSION = YES;
				GCC_WARN_ABOUT_RETURN_TYPE = YES_ERROR;
				GCC_WARN_UNDECLARED_SELECTOR = YES;
				GCC_WARN_UNINITIALIZED_AUTOS = YES_AGGRESSIVE;
				GCC_WARN_UNUSED_FUNCTION = YES;
				GCC_WARN_UNUSED_VARIABLE = YES;
				MACOSX_DEPLOYMENT_TARGET = 10.15;
				MTL_ENABLE_DEBUG_INFO = NO;
				MTL_FAST_MATH = YES;
				SDKROOT = macosx;
				SWIFT_COMPILATION_MODE = wholemodule;
				SWIFT_OPTIMIZATION_LEVEL = "-O";
				VERSIONING_SYSTEM = "apple-generic";
				VERSION_INFO_PREFIX = "";
			};
			name = Release;
		};
		357631DB25950DE00032B89B /* Debug */ = {
			isa = XCBuildConfiguration;
			buildSettings = {
				CODE_SIGN_STYLE = Automatic;
				COMBINE_HIDPI_IMAGES = YES;
				DEFINES_MODULE = YES;
				DEVELOPMENT_TEAM = GGY9Q9R73R;
				DYLIB_COMPATIBILITY_VERSION = 1;
				DYLIB_CURRENT_VERSION = 1;
				DYLIB_INSTALL_NAME_BASE = "@rpath";
				INFOPLIST_FILE = SlateLib/Info.plist;
				INSTALL_PATH = "$(LOCAL_LIBRARY_DIR)/Frameworks";
				LD_RUNPATH_SEARCH_PATHS = (
					"$(inherited)",
					"@executable_path/../Frameworks",
					"@loader_path/Frameworks",
				);
				PRODUCT_BUNDLE_IDENTIFIER = org.fieldman.SlateLib;
				PRODUCT_NAME = "$(TARGET_NAME:c99extidentifier)";
				SKIP_INSTALL = YES;
				SWIFT_VERSION = 5.0;
			};
			name = Debug;
		};
		357631DC25950DE00032B89B /* Release */ = {
			isa = XCBuildConfiguration;
			buildSettings = {
				CODE_SIGN_STYLE = Automatic;
				COMBINE_HIDPI_IMAGES = YES;
				DEFINES_MODULE = YES;
				DEVELOPMENT_TEAM = GGY9Q9R73R;
				DYLIB_COMPATIBILITY_VERSION = 1;
				DYLIB_CURRENT_VERSION = 1;
				DYLIB_INSTALL_NAME_BASE = "@rpath";
				INFOPLIST_FILE = SlateLib/Info.plist;
				INSTALL_PATH = "$(LOCAL_LIBRARY_DIR)/Frameworks";
				LD_RUNPATH_SEARCH_PATHS = (
					"$(inherited)",
					"@executable_path/../Frameworks",
					"@loader_path/Frameworks",
				);
				PRODUCT_BUNDLE_IDENTIFIER = org.fieldman.SlateLib;
				PRODUCT_NAME = "$(TARGET_NAME:c99extidentifier)";
				SKIP_INSTALL = YES;
				SWIFT_VERSION = 5.0;
			};
			name = Release;
		};
		357631DE25950DE00032B89B /* Debug */ = {
			isa = XCBuildConfiguration;
			buildSettings = {
				ALWAYS_EMBED_SWIFT_STANDARD_LIBRARIES = YES;
				CODE_SIGN_STYLE = Automatic;
				COMBINE_HIDPI_IMAGES = YES;
				DEVELOPMENT_TEAM = GGY9Q9R73R;
				INFOPLIST_FILE = SlateLibTests/Info.plist;
				LD_RUNPATH_SEARCH_PATHS = (
					"$(inherited)",
					"@executable_path/../Frameworks",
					"@loader_path/../Frameworks",
				);
				PRODUCT_BUNDLE_IDENTIFIER = org.fieldman.SlateLibTests;
				PRODUCT_NAME = "$(TARGET_NAME)";
				SWIFT_VERSION = 5.0;
			};
			name = Debug;
		};
		357631DF25950DE00032B89B /* Release */ = {
			isa = XCBuildConfiguration;
			buildSettings = {
				ALWAYS_EMBED_SWIFT_STANDARD_LIBRARIES = YES;
				CODE_SIGN_STYLE = Automatic;
				COMBINE_HIDPI_IMAGES = YES;
				DEVELOPMENT_TEAM = GGY9Q9R73R;
				INFOPLIST_FILE = SlateLibTests/Info.plist;
				LD_RUNPATH_SEARCH_PATHS = (
					"$(inherited)",
					"@executable_path/../Frameworks",
					"@loader_path/../Frameworks",
				);
				PRODUCT_BUNDLE_IDENTIFIER = org.fieldman.SlateLibTests;
				PRODUCT_NAME = "$(TARGET_NAME)";
				SWIFT_VERSION = 5.0;
			};
			name = Release;
		};
/* End XCBuildConfiguration section */

/* Begin XCConfigurationList section */
		357631C025950DE00032B89B /* Build configuration list for PBXProject "SlateLib" */ = {
			isa = XCConfigurationList;
			buildConfigurations = (
				357631D825950DE00032B89B /* Debug */,
				357631D925950DE00032B89B /* Release */,
			);
			defaultConfigurationIsVisible = 0;
			defaultConfigurationName = Release;
		};
		357631DA25950DE00032B89B /* Build configuration list for PBXNativeTarget "SlateLib" */ = {
			isa = XCConfigurationList;
			buildConfigurations = (
				357631DB25950DE00032B89B /* Debug */,
				357631DC25950DE00032B89B /* Release */,
			);
			defaultConfigurationIsVisible = 0;
			defaultConfigurationName = Release;
		};
		357631DD25950DE00032B89B /* Build configuration list for PBXNativeTarget "SlateLibTests" */ = {
			isa = XCConfigurationList;
			buildConfigurations = (
				357631DE25950DE00032B89B /* Debug */,
				357631DF25950DE00032B89B /* Release */,
			);
			defaultConfigurationIsVisible = 0;
			defaultConfigurationName = Release;
		};
/* End XCConfigurationList section */
	};
	rootObject = 357631BD25950DE00032B89B /* Project object */;
}
