// !$*UTF8*$!
{
	archiveVersion = 1;
	classes = {
	};
	objectVersion = 50;
	objects = {

/* Begin PBXBuildFile section */
		353AE98620BDA3BC00B7E1F6 /* CoreDataParser.swift in Sources */ = {isa = PBXBuildFile; fileRef = 353AE98520BDA3BC00B7E1F6 /* CoreDataParser.swift */; };
		353AE98820BDA3F100B7E1F6 /* CoreDataGenerator.swift in Sources */ = {isa = PBXBuildFile; fileRef = 353AE98720BDA3F100B7E1F6 /* CoreDataGenerator.swift */; };
		353AE98A20BDA40600B7E1F6 /* CoreDataTypes.swift in Sources */ = {isa = PBXBuildFile; fileRef = 353AE98920BDA40600B7E1F6 /* CoreDataTypes.swift */; };
		353AE98C20BDA55100B7E1F6 /* String+ReplaceMap.swift in Sources */ = {isa = PBXBuildFile; fileRef = 353AE98B20BDA55100B7E1F6 /* String+ReplaceMap.swift */; };
		353AE98E20BEE8D600B7E1F6 /* CoreDataSwiftTemplates.swift in Sources */ = {isa = PBXBuildFile; fileRef = 353AE98D20BEE8D600B7E1F6 /* CoreDataSwiftTemplates.swift */; };
		357ED58320BCC6B700DA7FD7 /* main.swift in Sources */ = {isa = PBXBuildFile; fileRef = 357ED58220BCC6B700DA7FD7 /* main.swift */; };
		357ED59B20BCC94D00DA7FD7 /* ArgumentConvertible.swift in Sources */ = {isa = PBXBuildFile; fileRef = 357ED59220BCC94D00DA7FD7 /* ArgumentConvertible.swift */; };
		357ED59C20BCC94D00DA7FD7 /* Error.swift in Sources */ = {isa = PBXBuildFile; fileRef = 357ED59320BCC94D00DA7FD7 /* Error.swift */; };
		357ED59D20BCC94D00DA7FD7 /* ArgumentDescription.swift in Sources */ = {isa = PBXBuildFile; fileRef = 357ED59420BCC94D00DA7FD7 /* ArgumentDescription.swift */; };
		357ED59E20BCC94D00DA7FD7 /* Commands.swift in Sources */ = {isa = PBXBuildFile; fileRef = 357ED59520BCC94D00DA7FD7 /* Commands.swift */; };
		357ED59F20BCC94D00DA7FD7 /* Command.swift in Sources */ = {isa = PBXBuildFile; fileRef = 357ED59620BCC94D00DA7FD7 /* Command.swift */; };
		357ED5A020BCC94D00DA7FD7 /* Group.swift in Sources */ = {isa = PBXBuildFile; fileRef = 357ED59720BCC94D00DA7FD7 /* Group.swift */; };
		357ED5A120BCC94D00DA7FD7 /* CommandType.swift in Sources */ = {isa = PBXBuildFile; fileRef = 357ED59820BCC94D00DA7FD7 /* CommandType.swift */; };
		357ED5A220BCC94D00DA7FD7 /* ArgumentParser.swift in Sources */ = {isa = PBXBuildFile; fileRef = 357ED59920BCC94D00DA7FD7 /* ArgumentParser.swift */; };
		357ED5A320BCC94D00DA7FD7 /* CommandRunner.swift in Sources */ = {isa = PBXBuildFile; fileRef = 357ED59A20BCC94D00DA7FD7 /* CommandRunner.swift */; };
		357ED5DD20BCD00D00DA7FD7 /* XMLError.swift in Sources */ = {isa = PBXBuildFile; fileRef = 357ED5D820BCD00D00DA7FD7 /* XMLError.swift */; };
		357ED5DE20BCD00D00DA7FD7 /* Accessor.swift in Sources */ = {isa = PBXBuildFile; fileRef = 357ED5D920BCD00D00DA7FD7 /* Accessor.swift */; };
		357ED5DF20BCD00D00DA7FD7 /* Element.swift in Sources */ = {isa = PBXBuildFile; fileRef = 357ED5DA20BCD00D00DA7FD7 /* Element.swift */; };
		357ED5E020BCD00D00DA7FD7 /* XML.swift in Sources */ = {isa = PBXBuildFile; fileRef = 357ED5DB20BCD00D00DA7FD7 /* XML.swift */; };
		357ED5E120BCD00D00DA7FD7 /* Parser.swift in Sources */ = {isa = PBXBuildFile; fileRef = 357ED5DC20BCD00D00DA7FD7 /* Parser.swift */; };
		E16CED6A23835B4700ECCAA5 /* String+CapitalizeFirst.swift in Sources */ = {isa = PBXBuildFile; fileRef = E16CED6923835B4700ECCAA5 /* String+CapitalizeFirst.swift */; };
/* End PBXBuildFile section */

/* Begin PBXCopyFilesBuildPhase section */
		357ED57D20BCC6B700DA7FD7 /* CopyFiles */ = {
			isa = PBXCopyFilesBuildPhase;
			buildActionMask = 2147483647;
			dstPath = /usr/share/man/man1/;
			dstSubfolderSpec = 0;
			files = (
			);
			runOnlyForDeploymentPostprocessing = 1;
		};
/* End PBXCopyFilesBuildPhase section */

/* Begin PBXFileReference section */
		353AE98520BDA3BC00B7E1F6 /* CoreDataParser.swift */ = {isa = PBXFileReference; fileEncoding = 4; lastKnownFileType = sourcecode.swift; path = CoreDataParser.swift; sourceTree = "<group>"; };
		353AE98720BDA3F100B7E1F6 /* CoreDataGenerator.swift */ = {isa = PBXFileReference; lastKnownFileType = sourcecode.swift; path = CoreDataGenerator.swift; sourceTree = "<group>"; };
		353AE98920BDA40600B7E1F6 /* CoreDataTypes.swift */ = {isa = PBXFileReference; lastKnownFileType = sourcecode.swift; path = CoreDataTypes.swift; sourceTree = "<group>"; };
		353AE98B20BDA55100B7E1F6 /* String+ReplaceMap.swift */ = {isa = PBXFileReference; lastKnownFileType = sourcecode.swift; path = "String+ReplaceMap.swift"; sourceTree = "<group>"; };
		353AE98D20BEE8D600B7E1F6 /* CoreDataSwiftTemplates.swift */ = {isa = PBXFileReference; lastKnownFileType = sourcecode.swift; path = CoreDataSwiftTemplates.swift; sourceTree = "<group>"; };
		357ED57F20BCC6B700DA7FD7 /* slate */ = {isa = PBXFileReference; explicitFileType = "compiled.mach-o.executable"; includeInIndex = 0; path = slate; sourceTree = BUILT_PRODUCTS_DIR; };
		357ED58220BCC6B700DA7FD7 /* main.swift */ = {isa = PBXFileReference; lastKnownFileType = sourcecode.swift; path = main.swift; sourceTree = "<group>"; };
		357ED59220BCC94D00DA7FD7 /* ArgumentConvertible.swift */ = {isa = PBXFileReference; fileEncoding = 4; lastKnownFileType = sourcecode.swift; path = ArgumentConvertible.swift; sourceTree = "<group>"; };
		357ED59320BCC94D00DA7FD7 /* Error.swift */ = {isa = PBXFileReference; fileEncoding = 4; lastKnownFileType = sourcecode.swift; path = Error.swift; sourceTree = "<group>"; };
		357ED59420BCC94D00DA7FD7 /* ArgumentDescription.swift */ = {isa = PBXFileReference; fileEncoding = 4; lastKnownFileType = sourcecode.swift; path = ArgumentDescription.swift; sourceTree = "<group>"; };
		357ED59520BCC94D00DA7FD7 /* Commands.swift */ = {isa = PBXFileReference; fileEncoding = 4; lastKnownFileType = sourcecode.swift; path = Commands.swift; sourceTree = "<group>"; };
		357ED59620BCC94D00DA7FD7 /* Command.swift */ = {isa = PBXFileReference; fileEncoding = 4; lastKnownFileType = sourcecode.swift; path = Command.swift; sourceTree = "<group>"; };
		357ED59720BCC94D00DA7FD7 /* Group.swift */ = {isa = PBXFileReference; fileEncoding = 4; lastKnownFileType = sourcecode.swift; path = Group.swift; sourceTree = "<group>"; };
		357ED59820BCC94D00DA7FD7 /* CommandType.swift */ = {isa = PBXFileReference; fileEncoding = 4; lastKnownFileType = sourcecode.swift; path = CommandType.swift; sourceTree = "<group>"; };
		357ED59920BCC94D00DA7FD7 /* ArgumentParser.swift */ = {isa = PBXFileReference; fileEncoding = 4; lastKnownFileType = sourcecode.swift; path = ArgumentParser.swift; sourceTree = "<group>"; };
		357ED59A20BCC94D00DA7FD7 /* CommandRunner.swift */ = {isa = PBXFileReference; fileEncoding = 4; lastKnownFileType = sourcecode.swift; path = CommandRunner.swift; sourceTree = "<group>"; };
		357ED5D820BCD00D00DA7FD7 /* XMLError.swift */ = {isa = PBXFileReference; fileEncoding = 4; lastKnownFileType = sourcecode.swift; path = XMLError.swift; sourceTree = "<group>"; };
		357ED5D920BCD00D00DA7FD7 /* Accessor.swift */ = {isa = PBXFileReference; fileEncoding = 4; lastKnownFileType = sourcecode.swift; path = Accessor.swift; sourceTree = "<group>"; };
		357ED5DA20BCD00D00DA7FD7 /* Element.swift */ = {isa = PBXFileReference; fileEncoding = 4; lastKnownFileType = sourcecode.swift; path = Element.swift; sourceTree = "<group>"; };
		357ED5DB20BCD00D00DA7FD7 /* XML.swift */ = {isa = PBXFileReference; fileEncoding = 4; lastKnownFileType = sourcecode.swift; path = XML.swift; sourceTree = "<group>"; };
		357ED5DC20BCD00D00DA7FD7 /* Parser.swift */ = {isa = PBXFileReference; fileEncoding = 4; lastKnownFileType = sourcecode.swift; path = Parser.swift; sourceTree = "<group>"; };
		E16CED6923835B4700ECCAA5 /* String+CapitalizeFirst.swift */ = {isa = PBXFileReference; lastKnownFileType = sourcecode.swift; path = "String+CapitalizeFirst.swift"; sourceTree = "<group>"; };
/* End PBXFileReference section */

/* Begin PBXFrameworksBuildPhase section */
		357ED57C20BCC6B700DA7FD7 /* Frameworks */ = {
			isa = PBXFrameworksBuildPhase;
			buildActionMask = 2147483647;
			files = (
			);
			runOnlyForDeploymentPostprocessing = 0;
		};
/* End PBXFrameworksBuildPhase section */

/* Begin PBXGroup section */
		353AE98420BDA3BC00B7E1F6 /* CoreData */ = {
			isa = PBXGroup;
			children = (
				353AE98520BDA3BC00B7E1F6 /* CoreDataParser.swift */,
				353AE98720BDA3F100B7E1F6 /* CoreDataGenerator.swift */,
				353AE98920BDA40600B7E1F6 /* CoreDataTypes.swift */,
				353AE98D20BEE8D600B7E1F6 /* CoreDataSwiftTemplates.swift */,
			);
			path = CoreData;
			sourceTree = "<group>";
		};
		357ED57620BCC6B700DA7FD7 = {
			isa = PBXGroup;
			children = (
				357ED58120BCC6B700DA7FD7 /* slate */,
				357ED58020BCC6B700DA7FD7 /* Products */,
			);
			sourceTree = "<group>";
		};
		357ED58020BCC6B700DA7FD7 /* Products */ = {
			isa = PBXGroup;
			children = (
				357ED57F20BCC6B700DA7FD7 /* slate */,
			);
			name = Products;
			sourceTree = "<group>";
		};
		357ED58120BCC6B700DA7FD7 /* slate */ = {
			isa = PBXGroup;
			children = (
				353AE98420BDA3BC00B7E1F6 /* CoreData */,
				357ED58920BCC7E900DA7FD7 /* External */,
				357ED58220BCC6B700DA7FD7 /* main.swift */,
				353AE98B20BDA55100B7E1F6 /* String+ReplaceMap.swift */,
				E16CED6923835B4700ECCAA5 /* String+CapitalizeFirst.swift */,
			);
			path = slate;
			sourceTree = "<group>";
		};
		357ED58920BCC7E900DA7FD7 /* External */ = {
			isa = PBXGroup;
			children = (
				357ED5D620BCD00D00DA7FD7 /* SwiftyXMLParser */,
				357ED59120BCC94D00DA7FD7 /* Commander */,
			);
			path = External;
			sourceTree = "<group>";
		};
		357ED59120BCC94D00DA7FD7 /* Commander */ = {
			isa = PBXGroup;
			children = (
				357ED59220BCC94D00DA7FD7 /* ArgumentConvertible.swift */,
				357ED59320BCC94D00DA7FD7 /* Error.swift */,
				357ED59420BCC94D00DA7FD7 /* ArgumentDescription.swift */,
				357ED59520BCC94D00DA7FD7 /* Commands.swift */,
				357ED59620BCC94D00DA7FD7 /* Command.swift */,
				357ED59720BCC94D00DA7FD7 /* Group.swift */,
				357ED59820BCC94D00DA7FD7 /* CommandType.swift */,
				357ED59920BCC94D00DA7FD7 /* ArgumentParser.swift */,
				357ED59A20BCC94D00DA7FD7 /* CommandRunner.swift */,
			);
			path = Commander;
			sourceTree = "<group>";
		};
		357ED5D620BCD00D00DA7FD7 /* SwiftyXMLParser */ = {
			isa = PBXGroup;
			children = (
				357ED5D820BCD00D00DA7FD7 /* XMLError.swift */,
				357ED5D920BCD00D00DA7FD7 /* Accessor.swift */,
				357ED5DA20BCD00D00DA7FD7 /* Element.swift */,
				357ED5DB20BCD00D00DA7FD7 /* XML.swift */,
				357ED5DC20BCD00D00DA7FD7 /* Parser.swift */,
			);
			path = SwiftyXMLParser;
			sourceTree = "<group>";
		};
/* End PBXGroup section */

/* Begin PBXNativeTarget section */
		357ED57E20BCC6B700DA7FD7 /* slate */ = {
			isa = PBXNativeTarget;
			buildConfigurationList = 357ED58620BCC6B700DA7FD7 /* Build configuration list for PBXNativeTarget "slate" */;
			buildPhases = (
				357ED57B20BCC6B700DA7FD7 /* Sources */,
				357ED57C20BCC6B700DA7FD7 /* Frameworks */,
				357ED57D20BCC6B700DA7FD7 /* CopyFiles */,
			);
			buildRules = (
			);
			dependencies = (
			);
			name = slate;
			productName = slate;
			productReference = 357ED57F20BCC6B700DA7FD7 /* slate */;
			productType = "com.apple.product-type.tool";
		};
/* End PBXNativeTarget section */

/* Begin PBXProject section */
		357ED57720BCC6B700DA7FD7 /* Project object */ = {
			isa = PBXProject;
			attributes = {
				LastSwiftUpdateCheck = 0930;
				LastUpgradeCheck = 0930;
				ORGANIZATIONNAME = "Jason Fieldman";
				TargetAttributes = {
					357ED57E20BCC6B700DA7FD7 = {
						CreatedOnToolsVersion = 9.3;
					};
				};
			};
			buildConfigurationList = 357ED57A20BCC6B700DA7FD7 /* Build configuration list for PBXProject "slate" */;
			compatibilityVersion = "Xcode 9.3";
			developmentRegion = en;
			hasScannedForEncodings = 0;
			knownRegions = (
				en,
			);
			mainGroup = 357ED57620BCC6B700DA7FD7;
			productRefGroup = 357ED58020BCC6B700DA7FD7 /* Products */;
			projectDirPath = "";
			projectRoot = "";
			targets = (
				357ED57E20BCC6B700DA7FD7 /* slate */,
			);
		};
/* End PBXProject section */

/* Begin PBXSourcesBuildPhase section */
		357ED57B20BCC6B700DA7FD7 /* Sources */ = {
			isa = PBXSourcesBuildPhase;
			buildActionMask = 2147483647;
			files = (
				353AE98A20BDA40600B7E1F6 /* CoreDataTypes.swift in Sources */,
				357ED5A020BCC94D00DA7FD7 /* Group.swift in Sources */,
				357ED59B20BCC94D00DA7FD7 /* ArgumentConvertible.swift in Sources */,
				357ED5E120BCD00D00DA7FD7 /* Parser.swift in Sources */,
				357ED59C20BCC94D00DA7FD7 /* Error.swift in Sources */,
				357ED5DF20BCD00D00DA7FD7 /* Element.swift in Sources */,
				353AE98E20BEE8D600B7E1F6 /* CoreDataSwiftTemplates.swift in Sources */,
				357ED5DD20BCD00D00DA7FD7 /* XMLError.swift in Sources */,
				357ED58320BCC6B700DA7FD7 /* main.swift in Sources */,
				357ED59E20BCC94D00DA7FD7 /* Commands.swift in Sources */,
				E16CED6A23835B4700ECCAA5 /* String+CapitalizeFirst.swift in Sources */,
				353AE98820BDA3F100B7E1F6 /* CoreDataGenerator.swift in Sources */,
				357ED5E020BCD00D00DA7FD7 /* XML.swift in Sources */,
				357ED5A320BCC94D00DA7FD7 /* CommandRunner.swift in Sources */,
				357ED5A220BCC94D00DA7FD7 /* ArgumentParser.swift in Sources */,
				357ED5DE20BCD00D00DA7FD7 /* Accessor.swift in Sources */,
				353AE98C20BDA55100B7E1F6 /* String+ReplaceMap.swift in Sources */,
				353AE98620BDA3BC00B7E1F6 /* CoreDataParser.swift in Sources */,
				357ED5A120BCC94D00DA7FD7 /* CommandType.swift in Sources */,
				357ED59D20BCC94D00DA7FD7 /* ArgumentDescription.swift in Sources */,
				357ED59F20BCC94D00DA7FD7 /* Command.swift in Sources */,
			);
			runOnlyForDeploymentPostprocessing = 0;
		};
/* End PBXSourcesBuildPhase section */

/* Begin XCBuildConfiguration section */
		357ED58420BCC6B700DA7FD7 /* Debug */ = {
			isa = XCBuildConfiguration;
			buildSettings = {
				ALWAYS_SEARCH_USER_PATHS = NO;
				CLANG_ANALYZER_NONNULL = YES;
				CLANG_ANALYZER_NUMBER_OBJECT_CONVERSION = YES_AGGRESSIVE;
				CLANG_CXX_LANGUAGE_STANDARD = "gnu++14";
				CLANG_CXX_LIBRARY = "libc++";
				CLANG_ENABLE_MODULES = YES;
				CLANG_ENABLE_OBJC_ARC = YES;
				CLANG_ENABLE_OBJC_WEAK = YES;
				CLANG_WARN_BLOCK_CAPTURE_AUTORELEASING = YES;
				CLANG_WARN_BOOL_CONVERSION = YES;
				CLANG_WARN_COMMA = YES;
				CLANG_WARN_CONSTANT_CONVERSION = YES;
				CLANG_WARN_DEPRECATED_OBJC_IMPLEMENTATIONS = YES;
				CLANG_WARN_DIRECT_OBJC_ISA_USAGE = YES_ERROR;
				CLANG_WARN_DOCUMENTATION_COMMENTS = YES;
				CLANG_WARN_EMPTY_BODY = YES;
				CLANG_WARN_ENUM_CONVERSION = YES;
				CLANG_WARN_INFINITE_RECURSION = YES;
				CLANG_WARN_INT_CONVERSION = YES;
				CLANG_WARN_NON_LITERAL_NULL_CONVERSION = YES;
				CLANG_WARN_OBJC_IMPLICIT_RETAIN_SELF = YES;
				CLANG_WARN_OBJC_LITERAL_CONVERSION = YES;
				CLANG_WARN_OBJC_ROOT_CLASS = YES_ERROR;
				CLANG_WARN_RANGE_LOOP_ANALYSIS = YES;
				CLANG_WARN_STRICT_PROTOTYPES = YES;
				CLANG_WARN_SUSPICIOUS_MOVE = YES;
				CLANG_WARN_UNGUARDED_AVAILABILITY = YES_AGGRESSIVE;
				CLANG_WARN_UNREACHABLE_CODE = YES;
				CLANG_WARN__DUPLICATE_METHOD_MATCH = YES;
				CODE_SIGN_IDENTITY = "-";
				COPY_PHASE_STRIP = NO;
				DEBUG_INFORMATION_FORMAT = dwarf;
				ENABLE_STRICT_OBJC_MSGSEND = YES;
				ENABLE_TESTABILITY = YES;
				GCC_C_LANGUAGE_STANDARD = gnu11;
				GCC_DYNAMIC_NO_PIC = NO;
				GCC_NO_COMMON_BLOCKS = YES;
				GCC_OPTIMIZATION_LEVEL = 0;
				GCC_PREPROCESSOR_DEFINITIONS = (
					"DEBUG=1",
					"$(inherited)",
				);
				GCC_WARN_64_TO_32_BIT_CONVERSION = YES;
				GCC_WARN_ABOUT_RETURN_TYPE = YES_ERROR;
				GCC_WARN_UNDECLARED_SELECTOR = YES;
				GCC_WARN_UNINITIALIZED_AUTOS = YES_AGGRESSIVE;
				GCC_WARN_UNUSED_FUNCTION = YES;
				GCC_WARN_UNUSED_VARIABLE = YES;
				MACOSX_DEPLOYMENT_TARGET = 10.13;
				MTL_ENABLE_DEBUG_INFO = YES;
				ONLY_ACTIVE_ARCH = YES;
				SDKROOT = macosx;
				SWIFT_ACTIVE_COMPILATION_CONDITIONS = DEBUG;
				SWIFT_OPTIMIZATION_LEVEL = "-Onone";
			};
			name = Debug;
		};
		357ED58520BCC6B700DA7FD7 /* Release */ = {
			isa = XCBuildConfiguration;
			buildSettings = {
				ALWAYS_SEARCH_USER_PATHS = NO;
				CLANG_ANALYZER_NONNULL = YES;
				CLANG_ANALYZER_NUMBER_OBJECT_CONVERSION = YES_AGGRESSIVE;
				CLANG_CXX_LANGUAGE_STANDARD = "gnu++14";
				CLANG_CXX_LIBRARY = "libc++";
				CLANG_ENABLE_MODULES = YES;
				CLANG_ENABLE_OBJC_ARC = YES;
				CLANG_ENABLE_OBJC_WEAK = YES;
				CLANG_WARN_BLOCK_CAPTURE_AUTORELEASING = YES;
				CLANG_WARN_BOOL_CONVERSION = YES;
				CLANG_WARN_COMMA = YES;
				CLANG_WARN_CONSTANT_CONVERSION = YES;
				CLANG_WARN_DEPRECATED_OBJC_IMPLEMENTATIONS = YES;
				CLANG_WARN_DIRECT_OBJC_ISA_USAGE = YES_ERROR;
				CLANG_WARN_DOCUMENTATION_COMMENTS = YES;
				CLANG_WARN_EMPTY_BODY = YES;
				CLANG_WARN_ENUM_CONVERSION = YES;
				CLANG_WARN_INFINITE_RECURSION = YES;
				CLANG_WARN_INT_CONVERSION = YES;
				CLANG_WARN_NON_LITERAL_NULL_CONVERSION = YES;
				CLANG_WARN_OBJC_IMPLICIT_RETAIN_SELF = YES;
				CLANG_WARN_OBJC_LITERAL_CONVERSION = YES;
				CLANG_WARN_OBJC_ROOT_CLASS = YES_ERROR;
				CLANG_WARN_RANGE_LOOP_ANALYSIS = YES;
				CLANG_WARN_STRICT_PROTOTYPES = YES;
				CLANG_WARN_SUSPICIOUS_MOVE = YES;
				CLANG_WARN_UNGUARDED_AVAILABILITY = YES_AGGRESSIVE;
				CLANG_WARN_UNREACHABLE_CODE = YES;
				CLANG_WARN__DUPLICATE_METHOD_MATCH = YES;
				CODE_SIGN_IDENTITY = "-";
				COPY_PHASE_STRIP = NO;
				DEBUG_INFORMATION_FORMAT = "dwarf-with-dsym";
				ENABLE_NS_ASSERTIONS = NO;
				ENABLE_STRICT_OBJC_MSGSEND = YES;
				GCC_C_LANGUAGE_STANDARD = gnu11;
				GCC_NO_COMMON_BLOCKS = YES;
				GCC_WARN_64_TO_32_BIT_CONVERSION = YES;
				GCC_WARN_ABOUT_RETURN_TYPE = YES_ERROR;
				GCC_WARN_UNDECLARED_SELECTOR = YES;
				GCC_WARN_UNINITIALIZED_AUTOS = YES_AGGRESSIVE;
				GCC_WARN_UNUSED_FUNCTION = YES;
				GCC_WARN_UNUSED_VARIABLE = YES;
				MACOSX_DEPLOYMENT_TARGET = 10.13;
				MTL_ENABLE_DEBUG_INFO = NO;
				SDKROOT = macosx;
				SWIFT_COMPILATION_MODE = wholemodule;
				SWIFT_OPTIMIZATION_LEVEL = "-O";
			};
			name = Release;
		};
		357ED58720BCC6B700DA7FD7 /* Debug */ = {
			isa = XCBuildConfiguration;
			buildSettings = {
				CODE_SIGN_STYLE = Automatic;
				PRODUCT_NAME = "$(TARGET_NAME)";
				SWIFT_VERSION = 4.0;
			};
			name = Debug;
		};
		357ED58820BCC6B700DA7FD7 /* Release */ = {
			isa = XCBuildConfiguration;
			buildSettings = {
				CODE_SIGN_STYLE = Automatic;
				PRODUCT_NAME = "$(TARGET_NAME)";
				SWIFT_VERSION = 4.0;
			};
			name = Release;
		};
/* End XCBuildConfiguration section */

/* Begin XCConfigurationList section */
		357ED57A20BCC6B700DA7FD7 /* Build configuration list for PBXProject "slate" */ = {
			isa = XCConfigurationList;
			buildConfigurations = (
				357ED58420BCC6B700DA7FD7 /* Debug */,
				357ED58520BCC6B700DA7FD7 /* Release */,
			);
			defaultConfigurationIsVisible = 0;
			defaultConfigurationName = Release;
		};
		357ED58620BCC6B700DA7FD7 /* Build configuration list for PBXNativeTarget "slate" */ = {
			isa = XCConfigurationList;
			buildConfigurations = (
				357ED58720BCC6B700DA7FD7 /* Debug */,
				357ED58820BCC6B700DA7FD7 /* Release */,
			);
			defaultConfigurationIsVisible = 0;
			defaultConfigurationName = Release;
		};
/* End XCConfigurationList section */
	};
	rootObject = 357ED57720BCC6B700DA7FD7 /* Project object */;
}
